
Microsoft Visual Studio Solution File, Format Version 12.00
Project("{FAE04EC0-301F-11D3-BF4B-00C04F79EFBC}") = "HerenciaComposicion", "HerenciaComposicion\HerenciaComposicion.csproj", "{1B12716B-63C2-499B-82AB-2C84DC291FFD}"
EndProject
Global
	GlobalSection(SolutionConfigurationPlatforms) = preSolution
		Debug|Any CPU = Debug|Any CPU
		Release|Any CPU = Release|Any CPU
	EndGlobalSection
	GlobalSection(ProjectConfigurationPlatforms) = postSolution
		{1B12716B-63C2-499B-82AB-2C84DC291FFD}.Debug|Any CPU.ActiveCfg = Debug|Any CPU
		{1B12716B-63C2-499B-82AB-2C84DC291FFD}.Debug|Any CPU.Build.0 = Debug|Any CPU
		{1B12716B-63C2-499B-82AB-2C84DC291FFD}.Release|Any CPU.ActiveCfg = Release|Any CPU
		{1B12716B-63C2-499B-82AB-2C84DC291FFD}.Release|Any CPU.Build.0 = Release|Any CPU
	EndGlobalSection
EndGlobal
