
Microsoft Visual Studio Solution File, Format Version 12.00
Project("{FAE04EC0-301F-11D3-BF4B-00C04F79EFBC}") = "PlantillaFutbol", "PlantillaFutbol\PlantillaFutbol.csproj", "{139D3D15-8C2D-4C93-B019-CED4C81D0DDD}"
EndProject
Global
	GlobalSection(SolutionConfigurationPlatforms) = preSolution
		Debug|Any CPU = Debug|Any CPU
		Release|Any CPU = Release|Any CPU
	EndGlobalSection
	GlobalSection(ProjectConfigurationPlatforms) = postSolution
		{139D3D15-8C2D-4C93-B019-CED4C81D0DDD}.Debug|Any CPU.ActiveCfg = Debug|Any CPU
		{139D3D15-8C2D-4C93-B019-CED4C81D0DDD}.Debug|Any CPU.Build.0 = Debug|Any CPU
		{139D3D15-8C2D-4C93-B019-CED4C81D0DDD}.Release|Any CPU.ActiveCfg = Release|Any CPU
		{139D3D15-8C2D-4C93-B019-CED4C81D0DDD}.Release|Any CPU.Build.0 = Release|Any CPU
	EndGlobalSection
EndGlobal
